{
  "nodes": {
    "accuratesums-master": {
      "inputs": {
        "flakeNimbleLib": [
          "flakeNimbleLib"
        ],
        "nixpkgs": [
          "nixpkgs"
        ],
        "src-AccurateSums-master": "src-AccurateSums-master"
      },
      "locked": {
        "dir": "master",
        "lastModified": 1667322124,
        "narHash": "sha256-SuREAj+n1MYRfDiNHcjPtHnea3nVxwUKhb1pJE9WnNM=",
        "owner": "nim-nix-pkgs",
        "repo": "accuratesums",
        "rev": "8100bd84171d4abef26ae92d2c2156b067a85333",
        "type": "github"
      },
      "original": {
        "dir": "master",
        "owner": "nim-nix-pkgs",
        "ref": "master",
        "repo": "accuratesums",
        "type": "github"
      }
    },
    "flakeNimbleLib": {
      "inputs": {
        "nixpkgs": [
          "nixpkgs"
        ]
      },
      "locked": {
        "lastModified": 1662018438,
        "narHash": "sha256-QtNtU6+LX3Wokxf0zlFwKTFOcn6TeDjKQZ+DA9OYtvM=",
        "owner": "riinr",
        "repo": "nim-flakes-lib",
        "rev": "b1fe8340736e3a85d25c709ac3dfd82a55c03cbf",
        "type": "github"
      },
      "original": {
        "owner": "riinr",
        "ref": "master",
        "repo": "nim-flakes-lib",
        "type": "github"
      }
    },
    "nixpkgs": {
      "locked": {
        "lastModified": 1667199707,
        "narHash": "sha256-I2Js3Y7gUyVSEXPULHlBoRek4Lh85vnevdS6mdvDNLI=",
        "owner": "NixOS",
        "repo": "nixpkgs",
        "rev": "ced197be72099edcfa68ebed8b87af7b04851f45",
        "type": "github"
      },
      "original": {
        "id": "nixpkgs",
        "type": "indirect"
      }
    },
    "root": {
      "inputs": {
        "accuratesums-master": "accuratesums-master",
        "flakeNimbleLib": "flakeNimbleLib",
        "nixpkgs": "nixpkgs"
      }
    },
    "src-AccurateSums-master": {
      "flake": false,
      "locked": {
        "lastModified": 1606453358,
        "narHash": "sha256-2aEgFemVJpmib/LcsmsHVleSj4s1d1tQ2rfGcB/62W0=",
        "owner": "lbartoletti",
        "repo": "accuratesums",
        "rev": "ebdc72f76ba6ee1b57378c862b6c86a28ae16ced",
        "type": "gitlab"
      },
      "original": {
        "owner": "lbartoletti",
        "ref": "refs/heads/master",
        "repo": "accuratesums",
        "type": "gitlab"
      }
    }
  },
  "root": "root",
  "version": 7
}
